{
  "nodes": {
    "flake-parts": {
      "inputs": {
        "nixpkgs-lib": [
          "hercules-ci-effects",
          "nixpkgs"
        ]
      },
      "locked": {
        "lastModified": 1772408722,
        "narHash": "sha256-rHuJtdcOjK7rAHpHphUb1iCvgkU3GpfvicLMwwnfMT0=",
        "owner": "hercules-ci",
        "repo": "flake-parts",
        "rev": "f20dc5d9b8027381c474144ecabc9034d6a839a3",
        "type": "github"
      },
      "original": {
        "id": "flake-parts",
        "type": "indirect"
      }
    },
    "hercules-ci-effects": {
      "inputs": {
        "flake-parts": "flake-parts",
        "nixpkgs": [
          "nixpkgs"
        ]
      },
      "locked": {
        "lastModified": 1773550609,
        "narHash": "sha256-neu7ixXHjV3LobVjOndkL97u+6UF6Yoh+CUnzX7kUBQ=",
        "owner": "hercules-ci",
        "repo": "hercules-ci-effects",
        "rev": "554f6ed448ca74c00aa2371cde901ae1e73005b9",
        "type": "github"
      },
      "original": {
        "owner": "hercules-ci",
        "repo": "hercules-ci-effects",
        "type": "github"
      }
    },
    "nixpkgs": {
      "locked": {
        "lastModified": 1773814637,
        "narHash": "sha256-GNU+ooRmrHLfjlMsKdn0prEKVa0faVanm0jrgu1J/gY=",
        "owner": "NixOS",
        "repo": "nixpkgs",
        "rev": "fea3b367d61c1a6592bc47c72f40a9f3e6a53e96",
        "type": "github"
      },
      "original": {
        "id": "nixpkgs",
        "ref": "nixos-25.11",
        "type": "indirect"
      }
    },
    "root": {
      "inputs": {
        "hercules-ci-effects": "hercules-ci-effects",
        "nixpkgs": "nixpkgs",
        "sops-nix": "sops-nix"
      }
    },
    "sops-nix": {
      "inputs": {
        "nixpkgs": [
          "nixpkgs"
        ]
      },
      "locked": {
        "lastModified": 1773889674,
        "narHash": "sha256-+ycaiVAk3MEshJTg35cBTUa0MizGiS+bgpYw/f8ohkg=",
        "owner": "Mic92",
        "repo": "sops-nix",
        "rev": "29b6519f3e0780452bca0ac0be4584f04ac16cc5",
        "type": "github"
      },
      "original": {
        "owner": "Mic92",
        "repo": "sops-nix",
        "type": "github"
      }
    }
  },
  "root": "root",
  "version": 7
}
